
Microsoft Visual Studio Solution File, Format Version 12.00
# Visual Studio Version 16
VisualStudioVersion = 16.0.31019.35
MinimumVisualStudioVersion = 10.0.40219.1
Project("{FAE04EC0-301F-11D3-BF4B-00C04F79EFBC}") = "HelloWPF", "UdemyWPFCourse\HelloWPF.csproj", "{7160BCAB-72C9-489B-AC6A-8B99B93459D4}"
EndProject
Project("{FAE04EC0-301F-11D3-BF4B-00C04F79EFBC}") = "Calculator", "Calculator\Calculator.csproj", "{B49B53C7-5B15-4B76-A655-28ABE958128E}"
EndProject
Project("{FAE04EC0-301F-11D3-BF4B-00C04F79EFBC}") = "TheContactsApp", "TheContactsApp\TheContactsApp.csproj", "{5A518778-F11C-4083-80C1-972264D8C73E}"
EndProject
Project("{FAE04EC0-301F-11D3-BF4B-00C04F79EFBC}") = "WeatherApp", "WeatherApp\WeatherApp.csproj", "{B701C180-F7D5-4E17-8CCF-0DEFCD08254B}"
EndProject
Project("{FAE04EC0-301F-11D3-BF4B-00C04F79EFBC}") = "EvernoteClone", "EvernoteClone\EvernoteClone.csproj", "{382DD330-7FB0-4F81-A10E-EFC99D588592}"
EndProject
Global
	GlobalSection(SolutionConfigurationPlatforms) = preSolution
		Debug|Any CPU = Debug|Any CPU
		Release|Any CPU = Release|Any CPU
	EndGlobalSection
	GlobalSection(ProjectConfigurationPlatforms) = postSolution
		{7160BCAB-72C9-489B-AC6A-8B99B93459D4}.Debug|Any CPU.ActiveCfg = Debug|Any CPU
		{7160BCAB-72C9-489B-AC6A-8B99B93459D4}.Debug|Any CPU.Build.0 = Debug|Any CPU
		{7160BCAB-72C9-489B-AC6A-8B99B93459D4}.Release|Any CPU.ActiveCfg = Release|Any CPU
		{7160BCAB-72C9-489B-AC6A-8B99B93459D4}.Release|Any CPU.Build.0 = Release|Any CPU
		{B49B53C7-5B15-4B76-A655-28ABE958128E}.Debug|Any CPU.ActiveCfg = Debug|Any CPU
		{B49B53C7-5B15-4B76-A655-28ABE958128E}.Debug|Any CPU.Build.0 = Debug|Any CPU
		{B49B53C7-5B15-4B76-A655-28ABE958128E}.Release|Any CPU.ActiveCfg = Release|Any CPU
		{B49B53C7-5B15-4B76-A655-28ABE958128E}.Release|Any CPU.Build.0 = Release|Any CPU
		{5A518778-F11C-4083-80C1-972264D8C73E}.Debug|Any CPU.ActiveCfg = Debug|Any CPU
		{5A518778-F11C-4083-80C1-972264D8C73E}.Debug|Any CPU.Build.0 = Debug|Any CPU
		{5A518778-F11C-4083-80C1-972264D8C73E}.Release|Any CPU.ActiveCfg = Release|Any CPU
		{5A518778-F11C-4083-80C1-972264D8C73E}.Release|Any CPU.Build.0 = Release|Any CPU
		{B701C180-F7D5-4E17-8CCF-0DEFCD08254B}.Debug|Any CPU.ActiveCfg = Debug|Any CPU
		{B701C180-F7D5-4E17-8CCF-0DEFCD08254B}.Debug|Any CPU.Build.0 = Debug|Any CPU
		{B701C180-F7D5-4E17-8CCF-0DEFCD08254B}.Release|Any CPU.ActiveCfg = Release|Any CPU
		{B701C180-F7D5-4E17-8CCF-0DEFCD08254B}.Release|Any CPU.Build.0 = Release|Any CPU
		{382DD330-7FB0-4F81-A10E-EFC99D588592}.Debug|Any CPU.ActiveCfg = Debug|Any CPU
		{382DD330-7FB0-4F81-A10E-EFC99D588592}.Debug|Any CPU.Build.0 = Debug|Any CPU
		{382DD330-7FB0-4F81-A10E-EFC99D588592}.Release|Any CPU.ActiveCfg = Release|Any CPU
		{382DD330-7FB0-4F81-A10E-EFC99D588592}.Release|Any CPU.Build.0 = Release|Any CPU
	EndGlobalSection
	GlobalSection(SolutionProperties) = preSolution
		HideSolutionNode = FALSE
	EndGlobalSection
	GlobalSection(ExtensibilityGlobals) = postSolution
		SolutionGuid = {EBC300AF-3BE2-4DA7-B2A6-A87EA00BB67D}
	EndGlobalSection
EndGlobal
